
Microsoft Visual Studio Solution File, Format Version 12.00
Project("{FAE04EC0-301F-11D3-BF4B-00C04F79EFBC}") = "Propella.Domain", "Propella.Domain\Propella.Domain.csproj", "{DCA4E97C-ADDF-42EF-B573-E8235850F368}"
EndProject
Project("{FAE04EC0-301F-11D3-BF4B-00C04F79EFBC}") = "Propella.Infrastructure", "Propella.Infrastructure\Propella.Infrastructure.csproj", "{5B53D383-0CEC-42F9-B298-007E77A9EA4A}"
EndProject
Project("{FAE04EC0-301F-11D3-BF4B-00C04F79EFBC}") = "Propella.Application", "Propella.Application\Propella.Application.csproj", "{F45C03B2-6CDD-4A14-A410-18AD604BA38E}"
EndProject
Project("{FAE04EC0-301F-11D3-BF4B-00C04F79EFBC}") = "Propella.Api", "Propella.Api\Propella.Api.csproj", "{82EDDD78-2542-4987-8C2B-841B38D4A3A6}"
EndProject
Project("{2150E333-8FDC-42A3-9474-1A3956D46DE8}") = "Integrations", "Integrations", "{F331660B-4ABA-454F-A0CF-72CEF618D2CC}"
EndProject
Project("{2150E333-8FDC-42A3-9474-1A3956D46DE8}") = "Domain", "Domain", "{8671F254-6534-4183-A24C-E4104886BAC5}"
EndProject
Project("{FAE04EC0-301F-11D3-BF4B-00C04F79EFBC}") = "Domain.Api.Playground", "Integrations\Domain\Domain.Api.Playground\Domain.Api.Playground.csproj", "{102F22A5-66F2-4E79-8DD5-3784E39F8484}"
EndProject
Project("{2150E333-8FDC-42A3-9474-1A3956D46DE8}") = "Tests", "Tests", "{C2D6F68B-097A-43E4-BF8F-68624F2951D8}"
EndProject
Project("{FAE04EC0-301F-11D3-BF4B-00C04F79EFBC}") = "Propella.UnitTests", "..\tests\Propella.UnitTests\Propella.UnitTests.csproj", "{F937ECF7-2C25-4F3E-BA0F-49EC7DA34852}"
EndProject
Project("{FAE04EC0-301F-11D3-BF4B-00C04F79EFBC}") = "Propella.IntegrationTests", "..\tests\Propella.IntegrationTests\Propella.IntegrationTests.csproj", "{8AF7671C-6274-4BA0-9F28-DA680C4AFB6D}"
EndProject
Project("{FAE04EC0-301F-11D3-BF4B-00C04F79EFBC}") = "Domain.Api.V1", "Integrations\Domain\Domain.Api.V1\src\Domain.Api.V1\Domain.Api.V1.csproj", "{D75521F4-87DB-42C2-843D-B039F2687DC1}"
EndProject
Project("{FAE04EC0-301F-11D3-BF4B-00C04F79EFBC}") = "Domain.Api.V2", "Integrations\Domain\Domain.Api.V2\src\Domain.Api.V2\Domain.Api.V2.csproj", "{81FD3C96-F180-498C-81F7-9B1CC81C279D}"
EndProject
Project("{2150E333-8FDC-42A3-9474-1A3956D46DE8}") = "Build", "Build", "{4FEA78F2-C9A7-42A0-86B6-A85733248BB2}"
EndProject
Project("{2150E333-8FDC-42A3-9474-1A3956D46DE8}") = "Cake", "Cake", "{FE0A788E-CD8F-4884-9542-B6A4A89E5FC6}"
EndProject
Project("{FAE04EC0-301F-11D3-BF4B-00C04F79EFBC}") = "Build", "..\build\cake\Build.csproj", "{D50AB2DC-E809-43BC-85D3-088B67564203}"
EndProject
Global
	GlobalSection(SolutionConfigurationPlatforms) = preSolution
		Debug|Any CPU = Debug|Any CPU
		Release|Any CPU = Release|Any CPU
	EndGlobalSection
	GlobalSection(ProjectConfigurationPlatforms) = postSolution
		{DCA4E97C-ADDF-42EF-B573-E8235850F368}.Debug|Any CPU.ActiveCfg = Debug|Any CPU
		{DCA4E97C-ADDF-42EF-B573-E8235850F368}.Debug|Any CPU.Build.0 = Debug|Any CPU
		{DCA4E97C-ADDF-42EF-B573-E8235850F368}.Release|Any CPU.ActiveCfg = Release|Any CPU
		{DCA4E97C-ADDF-42EF-B573-E8235850F368}.Release|Any CPU.Build.0 = Release|Any CPU
		{5B53D383-0CEC-42F9-B298-007E77A9EA4A}.Debug|Any CPU.ActiveCfg = Debug|Any CPU
		{5B53D383-0CEC-42F9-B298-007E77A9EA4A}.Debug|Any CPU.Build.0 = Debug|Any CPU
		{5B53D383-0CEC-42F9-B298-007E77A9EA4A}.Release|Any CPU.ActiveCfg = Release|Any CPU
		{5B53D383-0CEC-42F9-B298-007E77A9EA4A}.Release|Any CPU.Build.0 = Release|Any CPU
		{F45C03B2-6CDD-4A14-A410-18AD604BA38E}.Debug|Any CPU.ActiveCfg = Debug|Any CPU
		{F45C03B2-6CDD-4A14-A410-18AD604BA38E}.Debug|Any CPU.Build.0 = Debug|Any CPU
		{F45C03B2-6CDD-4A14-A410-18AD604BA38E}.Release|Any CPU.ActiveCfg = Release|Any CPU
		{F45C03B2-6CDD-4A14-A410-18AD604BA38E}.Release|Any CPU.Build.0 = Release|Any CPU
		{82EDDD78-2542-4987-8C2B-841B38D4A3A6}.Debug|Any CPU.ActiveCfg = Debug|Any CPU
		{82EDDD78-2542-4987-8C2B-841B38D4A3A6}.Debug|Any CPU.Build.0 = Debug|Any CPU
		{82EDDD78-2542-4987-8C2B-841B38D4A3A6}.Release|Any CPU.ActiveCfg = Release|Any CPU
		{82EDDD78-2542-4987-8C2B-841B38D4A3A6}.Release|Any CPU.Build.0 = Release|Any CPU
		{102F22A5-66F2-4E79-8DD5-3784E39F8484}.Debug|Any CPU.ActiveCfg = Debug|Any CPU
		{102F22A5-66F2-4E79-8DD5-3784E39F8484}.Debug|Any CPU.Build.0 = Debug|Any CPU
		{102F22A5-66F2-4E79-8DD5-3784E39F8484}.Release|Any CPU.ActiveCfg = Release|Any CPU
		{102F22A5-66F2-4E79-8DD5-3784E39F8484}.Release|Any CPU.Build.0 = Release|Any CPU
		{F937ECF7-2C25-4F3E-BA0F-49EC7DA34852}.Debug|Any CPU.ActiveCfg = Debug|Any CPU
		{F937ECF7-2C25-4F3E-BA0F-49EC7DA34852}.Debug|Any CPU.Build.0 = Debug|Any CPU
		{F937ECF7-2C25-4F3E-BA0F-49EC7DA34852}.Release|Any CPU.ActiveCfg = Release|Any CPU
		{F937ECF7-2C25-4F3E-BA0F-49EC7DA34852}.Release|Any CPU.Build.0 = Release|Any CPU
		{8AF7671C-6274-4BA0-9F28-DA680C4AFB6D}.Debug|Any CPU.ActiveCfg = Debug|Any CPU
		{8AF7671C-6274-4BA0-9F28-DA680C4AFB6D}.Debug|Any CPU.Build.0 = Debug|Any CPU
		{8AF7671C-6274-4BA0-9F28-DA680C4AFB6D}.Release|Any CPU.ActiveCfg = Release|Any CPU
		{8AF7671C-6274-4BA0-9F28-DA680C4AFB6D}.Release|Any CPU.Build.0 = Release|Any CPU
		{D75521F4-87DB-42C2-843D-B039F2687DC1}.Debug|Any CPU.ActiveCfg = Debug|Any CPU
		{D75521F4-87DB-42C2-843D-B039F2687DC1}.Debug|Any CPU.Build.0 = Debug|Any CPU
		{D75521F4-87DB-42C2-843D-B039F2687DC1}.Release|Any CPU.ActiveCfg = Release|Any CPU
		{D75521F4-87DB-42C2-843D-B039F2687DC1}.Release|Any CPU.Build.0 = Release|Any CPU
		{81FD3C96-F180-498C-81F7-9B1CC81C279D}.Debug|Any CPU.ActiveCfg = Debug|Any CPU
		{81FD3C96-F180-498C-81F7-9B1CC81C279D}.Debug|Any CPU.Build.0 = Debug|Any CPU
		{81FD3C96-F180-498C-81F7-9B1CC81C279D}.Release|Any CPU.ActiveCfg = Release|Any CPU
		{81FD3C96-F180-498C-81F7-9B1CC81C279D}.Release|Any CPU.Build.0 = Release|Any CPU
		{D50AB2DC-E809-43BC-85D3-088B67564203}.Debug|Any CPU.ActiveCfg = Debug|Any CPU
		{D50AB2DC-E809-43BC-85D3-088B67564203}.Debug|Any CPU.Build.0 = Debug|Any CPU
		{D50AB2DC-E809-43BC-85D3-088B67564203}.Release|Any CPU.ActiveCfg = Release|Any CPU
		{D50AB2DC-E809-43BC-85D3-088B67564203}.Release|Any CPU.Build.0 = Release|Any CPU
	EndGlobalSection
	GlobalSection(NestedProjects) = preSolution
		{8671F254-6534-4183-A24C-E4104886BAC5} = {F331660B-4ABA-454F-A0CF-72CEF618D2CC}
		{102F22A5-66F2-4E79-8DD5-3784E39F8484} = {8671F254-6534-4183-A24C-E4104886BAC5}
		{F937ECF7-2C25-4F3E-BA0F-49EC7DA34852} = {C2D6F68B-097A-43E4-BF8F-68624F2951D8}
		{8AF7671C-6274-4BA0-9F28-DA680C4AFB6D} = {C2D6F68B-097A-43E4-BF8F-68624F2951D8}
		{D75521F4-87DB-42C2-843D-B039F2687DC1} = {8671F254-6534-4183-A24C-E4104886BAC5}
		{81FD3C96-F180-498C-81F7-9B1CC81C279D} = {8671F254-6534-4183-A24C-E4104886BAC5}
		{FE0A788E-CD8F-4884-9542-B6A4A89E5FC6} = {4FEA78F2-C9A7-42A0-86B6-A85733248BB2}
		{D50AB2DC-E809-43BC-85D3-088B67564203} = {FE0A788E-CD8F-4884-9542-B6A4A89E5FC6}
	EndGlobalSection
EndGlobal
