Microsoft Visual Studio Solution File, Format Version 12.00
# Visual Studio 14
VisualStudioVersion = 14.0.25420.1
MinimumVisualStudioVersion = 10.0.40219.1
Project("{FAE04EC0-301F-11D3-BF4B-00C04F79EFBC}") = "Domain.Api.V2.Client", "src\Domain.Api.V2.Client\Domain.Api.V2.Client.csproj", "{FECC1057-BCBE-48C5-AFC0-60BE85E74C64}"
EndProject
Project("{FAE04EC0-301F-11D3-BF4B-00C04F79EFBC}") = "Domain.Api.V2.Client.Test", "src\Domain.Api.V2.Client.Test\Domain.Api.V2.Client.Test.csproj", "{19F1DEBC-DE5E-4517-8062-F000CD499087}"
EndProject
Global
	GlobalSection(SolutionConfigurationPlatforms) = preSolution
		Debug|Any CPU = Debug|Any CPU
		Release|Any CPU = Release|Any CPU
	EndGlobalSection
	GlobalSection(ProjectConfigurationPlatforms) = postSolution
		{FECC1057-BCBE-48C5-AFC0-60BE85E74C64}.Debug|Any CPU.ActiveCfg = Debug|Any CPU
		{FECC1057-BCBE-48C5-AFC0-60BE85E74C64}.Debug|Any CPU.Build.0 = Debug|Any CPU
		{FECC1057-BCBE-48C5-AFC0-60BE85E74C64}.Release|Any CPU.ActiveCfg = Release|Any CPU
		{FECC1057-BCBE-48C5-AFC0-60BE85E74C64}.Release|Any CPU.Build.0 = Release|Any CPU
		{19F1DEBC-DE5E-4517-8062-F000CD499087}.Debug|Any CPU.ActiveCfg = Debug|Any CPU
		{19F1DEBC-DE5E-4517-8062-F000CD499087}.Debug|Any CPU.Build.0 = Debug|Any CPU
		{19F1DEBC-DE5E-4517-8062-F000CD499087}.Release|Any CPU.ActiveCfg = Release|Any CPU
		{19F1DEBC-DE5E-4517-8062-F000CD499087}.Release|Any CPU.Build.0 = Release|Any CPU
	EndGlobalSection
	GlobalSection(SolutionProperties) = preSolution
		HideSolutionNode = FALSE
	EndGlobalSection
EndGlobal